
Microsoft Visual Studio Solution File, Format Version 12.00
# Visual Studio Version 17
VisualStudioVersion = 17.7.34031.279
MinimumVisualStudioVersion = 10.0.40219.1
Project("{FAE04EC0-301F-11D3-BF4B-00C04F79EFBC}") = "BMS", "BMS.csproj", "{87BBF30F-6AFB-4840-9E75-EA2D16A94B89}"
EndProject
Global
	GlobalSection(SolutionConfigurationPlatforms) = preSolution
		Debug|Any CPU = Debug|Any CPU
		Release|Any CPU = Release|Any CPU
	EndGlobalSection
	GlobalSection(ProjectConfigurationPlatforms) = postSolution
		{87BBF30F-6AFB-4840-9E75-EA2D16A94B89}.Debug|Any CPU.ActiveCfg = Debug|Any CPU
		{87BBF30F-6AFB-4840-9E75-EA2D16A94B89}.Debug|Any CPU.Build.0 = Debug|Any CPU
		{87BBF30F-6AFB-4840-9E75-EA2D16A94B89}.Release|Any CPU.ActiveCfg = Release|Any CPU
		{87BBF30F-6AFB-4840-9E75-EA2D16A94B89}.Release|Any CPU.Build.0 = Release|Any CPU
	EndGlobalSection
	GlobalSection(SolutionProperties) = preSolution
		HideSolutionNode = FALSE
	EndGlobalSection
	GlobalSection(ExtensibilityGlobals) = postSolution
		SolutionGuid = {94167DCA-1442-40F1-8391-C9E9275F2C9C}
	EndGlobalSection
EndGlobal
